
Microsoft Visual Studio Solution File, Format Version 12.00
# Visual Studio Version 17
VisualStudioVersion = 17.13.35931.197 d17.13
MinimumVisualStudioVersion = 10.0.40219.1
Project("{FAE04EC0-301F-11D3-BF4B-00C04F79EFBC}") = "AudioPlayerDll", "AudioPlayerDll\AudioPlayerDll.csproj", "{783C894D-018F-493D-B4CE-A51990F37227}"
EndProject
Global
	GlobalSection(SolutionConfigurationPlatforms) = preSolution
		Debug|Any CPU = Debug|Any CPU
		Debug|x64 = Debug|x64
		Release|Any CPU = Release|Any CPU
		Release|x64 = Release|x64
	EndGlobalSection
	GlobalSection(ProjectConfigurationPlatforms) = postSolution
		{783C894D-018F-493D-B4CE-A51990F37227}.Debug|Any CPU.ActiveCfg = Debug|Any CPU
		{783C894D-018F-493D-B4CE-A51990F37227}.Debug|Any CPU.Build.0 = Debug|Any CPU
		{783C894D-018F-493D-B4CE-A51990F37227}.Debug|x64.ActiveCfg = Debug|x64
		{783C894D-018F-493D-B4CE-A51990F37227}.Debug|x64.Build.0 = Debug|x64
		{783C894D-018F-493D-B4CE-A51990F37227}.Release|Any CPU.ActiveCfg = Release|Any CPU
		{783C894D-018F-493D-B4CE-A51990F37227}.Release|Any CPU.Build.0 = Release|Any CPU
		{783C894D-018F-493D-B4CE-A51990F37227}.Release|x64.ActiveCfg = Release|x64
		{783C894D-018F-493D-B4CE-A51990F37227}.Release|x64.Build.0 = Release|x64
	EndGlobalSection
	GlobalSection(SolutionProperties) = preSolution
		HideSolutionNode = FALSE
	EndGlobalSection
	GlobalSection(ExtensibilityGlobals) = postSolution
		SolutionGuid = {8E4E6892-93D9-4C03-90F5-3AA5C7DD907F}
	EndGlobalSection
EndGlobal
